// !$*UTF8*$!
{
	archiveVersion = 1;
	classes = {
	};
	objectVersion = 50;
	objects = {

/* Begin PBXBuildFile section */
		883982D8266F9CEC00E6B7BC /* SectionHeaderReusableView.swift in Sources */ = {isa = PBXBuildFile; fileRef = 883982D7266F9CEC00E6B7BC /* SectionHeaderReusableView.swift */; };
		883982DA266FAD6400E6B7BC /* GridCollectionViewLayout.swift in Sources */ = {isa = PBXBuildFile; fileRef = 883982D9266FAD6400E6B7BC /* GridCollectionViewLayout.swift */; };
		883982DC266FAD9F00E6B7BC /* CollectionViewSection.swift in Sources */ = {isa = PBXBuildFile; fileRef = 883982DB266FAD9F00E6B7BC /* CollectionViewSection.swift */; };
		88414C50266BA89E00AE8DF4 /* ResponseError.swift in Sources */ = {isa = PBXBuildFile; fileRef = 88414C4F266BA89E00AE8DF4 /* ResponseError.swift */; };
		88414C52266BA8F700AE8DF4 /* ProgramsRepository.swift in Sources */ = {isa = PBXBuildFile; fileRef = 88414C51266BA8F700AE8DF4 /* ProgramsRepository.swift */; };
		88414C54266BA9CF00AE8DF4 /* ProgrmsRepositoryTests.swift in Sources */ = {isa = PBXBuildFile; fileRef = 88414C53266BA9CF00AE8DF4 /* ProgrmsRepositoryTests.swift */; };
		885FBBEE266809A70040CE40 /* AppDelegate.swift in Sources */ = {isa = PBXBuildFile; fileRef = 885FBBED266809A70040CE40 /* AppDelegate.swift */; };
		885FBBF0266809A70040CE40 /* SceneDelegate.swift in Sources */ = {isa = PBXBuildFile; fileRef = 885FBBEF266809A70040CE40 /* SceneDelegate.swift */; };
		885FBBF5266809A70040CE40 /* Main.storyboard in Resources */ = {isa = PBXBuildFile; fileRef = 885FBBF3266809A70040CE40 /* Main.storyboard */; };
		885FBBF7266809A80040CE40 /* Assets.xcassets in Resources */ = {isa = PBXBuildFile; fileRef = 885FBBF6266809A80040CE40 /* Assets.xcassets */; };
		885FBBFA266809A80040CE40 /* LaunchScreen.storyboard in Resources */ = {isa = PBXBuildFile; fileRef = 885FBBF8266809A80040CE40 /* LaunchScreen.storyboard */; };
		885FBC0326680A3F0040CE40 /* Channel.swift in Sources */ = {isa = PBXBuildFile; fileRef = 885FBC0226680A3F0040CE40 /* Channel.swift */; };
		885FBC0526680B730040CE40 /* Program.swift in Sources */ = {isa = PBXBuildFile; fileRef = 885FBC0426680B730040CE40 /* Program.swift */; };
		885FBC0726680C1E0040CE40 /* RecentAirTime.swift in Sources */ = {isa = PBXBuildFile; fileRef = 885FBC0626680C1E0040CE40 /* RecentAirTime.swift */; };
		885FBC0A26680D060040CE40 /* ChannelsRepository.swift in Sources */ = {isa = PBXBuildFile; fileRef = 885FBC0926680D060040CE40 /* ChannelsRepository.swift */; };
		885FBC0D26680F130040CE40 /* ApiConfig.swift in Sources */ = {isa = PBXBuildFile; fileRef = 885FBC0C26680F130040CE40 /* ApiConfig.swift */; };
		885FBC1E266814330040CE40 /* ChannelsRepositoryTests.swift in Sources */ = {isa = PBXBuildFile; fileRef = 885FBC1D266814330040CE40 /* ChannelsRepositoryTests.swift */; };
		88C85AED266CE0D1002C7EC3 /* AirTimeInteractor.swift in Sources */ = {isa = PBXBuildFile; fileRef = 88C85AEC266CE0D1002C7EC3 /* AirTimeInteractor.swift */; };
		88C85AEF266CE0DC002C7EC3 /* AirTimePresenter.swift in Sources */ = {isa = PBXBuildFile; fileRef = 88C85AEE266CE0DC002C7EC3 /* AirTimePresenter.swift */; };
		88C85AF1266CE0F0002C7EC3 /* AirTimeRouter.swift in Sources */ = {isa = PBXBuildFile; fileRef = 88C85AF0266CE0F0002C7EC3 /* AirTimeRouter.swift */; };
		88C85AF3266CE105002C7EC3 /* AirTimeViewController.swift in Sources */ = {isa = PBXBuildFile; fileRef = 88C85AF2266CE105002C7EC3 /* AirTimeViewController.swift */; };
		88C85AF5266CE314002C7EC3 /* Module.swift in Sources */ = {isa = PBXBuildFile; fileRef = 88C85AF4266CE314002C7EC3 /* Module.swift */; };
		88C85AF7266CE37E002C7EC3 /* AirTimeModule.swift in Sources */ = {isa = PBXBuildFile; fileRef = 88C85AF6266CE37E002C7EC3 /* AirTimeModule.swift */; };
/* End PBXBuildFile section */

/* Begin PBXContainerItemProxy section */
		885FBC17266813F70040CE40 /* PBXContainerItemProxy */ = {
			isa = PBXContainerItemProxy;
			containerPortal = 885FBBE2266809A70040CE40 /* Project object */;
			proxyType = 1;
			remoteGlobalIDString = 885FBBE9266809A70040CE40;
			remoteInfo = TestTaskDiffableDatasource;
		};
/* End PBXContainerItemProxy section */

/* Begin PBXFileReference section */
		883982D7266F9CEC00E6B7BC /* SectionHeaderReusableView.swift */ = {isa = PBXFileReference; lastKnownFileType = sourcecode.swift; path = SectionHeaderReusableView.swift; sourceTree = "<group>"; };
		883982D9266FAD6400E6B7BC /* GridCollectionViewLayout.swift */ = {isa = PBXFileReference; lastKnownFileType = sourcecode.swift; path = GridCollectionViewLayout.swift; sourceTree = "<group>"; };
		883982DB266FAD9F00E6B7BC /* CollectionViewSection.swift */ = {isa = PBXFileReference; lastKnownFileType = sourcecode.swift; path = CollectionViewSection.swift; sourceTree = "<group>"; };
		88414C4F266BA89E00AE8DF4 /* ResponseError.swift */ = {isa = PBXFileReference; lastKnownFileType = sourcecode.swift; path = ResponseError.swift; sourceTree = "<group>"; };
		88414C51266BA8F700AE8DF4 /* ProgramsRepository.swift */ = {isa = PBXFileReference; lastKnownFileType = sourcecode.swift; path = ProgramsRepository.swift; sourceTree = "<group>"; };
		88414C53266BA9CF00AE8DF4 /* ProgrmsRepositoryTests.swift */ = {isa = PBXFileReference; fileEncoding = 4; lastKnownFileType = sourcecode.swift; path = ProgrmsRepositoryTests.swift; sourceTree = "<group>"; };
		885FBBEA266809A70040CE40 /* TestTaskDiffableDatasource.app */ = {isa = PBXFileReference; explicitFileType = wrapper.application; includeInIndex = 0; path = TestTaskDiffableDatasource.app; sourceTree = BUILT_PRODUCTS_DIR; };
		885FBBED266809A70040CE40 /* AppDelegate.swift */ = {isa = PBXFileReference; lastKnownFileType = sourcecode.swift; path = AppDelegate.swift; sourceTree = "<group>"; };
		885FBBEF266809A70040CE40 /* SceneDelegate.swift */ = {isa = PBXFileReference; lastKnownFileType = sourcecode.swift; path = SceneDelegate.swift; sourceTree = "<group>"; };
		885FBBF4266809A70040CE40 /* Base */ = {isa = PBXFileReference; lastKnownFileType = file.storyboard; name = Base; path = Base.lproj/Main.storyboard; sourceTree = "<group>"; };
		885FBBF6266809A80040CE40 /* Assets.xcassets */ = {isa = PBXFileReference; lastKnownFileType = folder.assetcatalog; path = Assets.xcassets; sourceTree = "<group>"; };
		885FBBF9266809A80040CE40 /* Base */ = {isa = PBXFileReference; lastKnownFileType = file.storyboard; name = Base; path = Base.lproj/LaunchScreen.storyboard; sourceTree = "<group>"; };
		885FBBFB266809A80040CE40 /* Info.plist */ = {isa = PBXFileReference; lastKnownFileType = text.plist.xml; path = Info.plist; sourceTree = "<group>"; };
		885FBC0226680A3F0040CE40 /* Channel.swift */ = {isa = PBXFileReference; lastKnownFileType = sourcecode.swift; path = Channel.swift; sourceTree = "<group>"; };
		885FBC0426680B730040CE40 /* Program.swift */ = {isa = PBXFileReference; lastKnownFileType = sourcecode.swift; path = Program.swift; sourceTree = "<group>"; };
		885FBC0626680C1E0040CE40 /* RecentAirTime.swift */ = {isa = PBXFileReference; lastKnownFileType = sourcecode.swift; path = RecentAirTime.swift; sourceTree = "<group>"; };
		885FBC0926680D060040CE40 /* ChannelsRepository.swift */ = {isa = PBXFileReference; lastKnownFileType = sourcecode.swift; path = ChannelsRepository.swift; sourceTree = "<group>"; };
		885FBC0C26680F130040CE40 /* ApiConfig.swift */ = {isa = PBXFileReference; lastKnownFileType = sourcecode.swift; path = ApiConfig.swift; sourceTree = "<group>"; };
		885FBC12266813F70040CE40 /* TestTaskDiffableDatasourceTests.xctest */ = {isa = PBXFileReference; explicitFileType = wrapper.cfbundle; includeInIndex = 0; path = TestTaskDiffableDatasourceTests.xctest; sourceTree = BUILT_PRODUCTS_DIR; };
		885FBC16266813F70040CE40 /* Info.plist */ = {isa = PBXFileReference; lastKnownFileType = text.plist.xml; path = Info.plist; sourceTree = "<group>"; };
		885FBC1D266814330040CE40 /* ChannelsRepositoryTests.swift */ = {isa = PBXFileReference; lastKnownFileType = sourcecode.swift; path = ChannelsRepositoryTests.swift; sourceTree = "<group>"; };
		88C85AEC266CE0D1002C7EC3 /* AirTimeInteractor.swift */ = {isa = PBXFileReference; lastKnownFileType = sourcecode.swift; path = AirTimeInteractor.swift; sourceTree = "<group>"; };
		88C85AEE266CE0DC002C7EC3 /* AirTimePresenter.swift */ = {isa = PBXFileReference; lastKnownFileType = sourcecode.swift; path = AirTimePresenter.swift; sourceTree = "<group>"; };
		88C85AF0266CE0F0002C7EC3 /* AirTimeRouter.swift */ = {isa = PBXFileReference; lastKnownFileType = sourcecode.swift; path = AirTimeRouter.swift; sourceTree = "<group>"; };
		88C85AF2266CE105002C7EC3 /* AirTimeViewController.swift */ = {isa = PBXFileReference; lastKnownFileType = sourcecode.swift; path = AirTimeViewController.swift; sourceTree = "<group>"; };
		88C85AF4266CE314002C7EC3 /* Module.swift */ = {isa = PBXFileReference; lastKnownFileType = sourcecode.swift; path = Module.swift; sourceTree = "<group>"; };
		88C85AF6266CE37E002C7EC3 /* AirTimeModule.swift */ = {isa = PBXFileReference; lastKnownFileType = sourcecode.swift; path = AirTimeModule.swift; sourceTree = "<group>"; };
/* End PBXFileReference section */

/* Begin PBXFrameworksBuildPhase section */
		885FBBE7266809A70040CE40 /* Frameworks */ = {
			isa = PBXFrameworksBuildPhase;
			buildActionMask = 2147483647;
			files = (
			);
			runOnlyForDeploymentPostprocessing = 0;
		};
		885FBC0F266813F70040CE40 /* Frameworks */ = {
			isa = PBXFrameworksBuildPhase;
			buildActionMask = 2147483647;
			files = (
			);
			runOnlyForDeploymentPostprocessing = 0;
		};
/* End PBXFrameworksBuildPhase section */

/* Begin PBXGroup section */
		885FBBE1266809A70040CE40 = {
			isa = PBXGroup;
			children = (
				885FBBEC266809A70040CE40 /* TestTaskDiffableDatasource */,
				885FBC13266813F70040CE40 /* TestTaskDiffableDatasourceTests */,
				885FBBEB266809A70040CE40 /* Products */,
			);
			sourceTree = "<group>";
		};
		885FBBEB266809A70040CE40 /* Products */ = {
			isa = PBXGroup;
			children = (
				885FBBEA266809A70040CE40 /* TestTaskDiffableDatasource.app */,
				885FBC12266813F70040CE40 /* TestTaskDiffableDatasourceTests.xctest */,
			);
			name = Products;
			sourceTree = "<group>";
		};
		885FBBEC266809A70040CE40 /* TestTaskDiffableDatasource */ = {
			isa = PBXGroup;
			children = (
				885FBC0826680CE90040CE40 /* Gateway */,
				88C85AEB266CE07F002C7EC3 /* ProgramsAirTimeModule */,
				885FBC0B26680F010040CE40 /* Configuration */,
				885FBBED266809A70040CE40 /* AppDelegate.swift */,
				885FBBEF266809A70040CE40 /* SceneDelegate.swift */,
				885FBBF3266809A70040CE40 /* Main.storyboard */,
				885FBBF6266809A80040CE40 /* Assets.xcassets */,
				885FBBF8266809A80040CE40 /* LaunchScreen.storyboard */,
				885FBBFB266809A80040CE40 /* Info.plist */,
				88C85AF4266CE314002C7EC3 /* Module.swift */,
			);
			path = TestTaskDiffableDatasource;
			sourceTree = "<group>";
		};
		885FBC0126680A1A0040CE40 /* Entities */ = {
			isa = PBXGroup;
			children = (
				885FBC0226680A3F0040CE40 /* Channel.swift */,
				885FBC0426680B730040CE40 /* Program.swift */,
				885FBC0626680C1E0040CE40 /* RecentAirTime.swift */,
				88414C4F266BA89E00AE8DF4 /* ResponseError.swift */,
			);
			path = Entities;
			sourceTree = "<group>";
		};
		885FBC0826680CE90040CE40 /* Gateway */ = {
			isa = PBXGroup;
			children = (
				885FBC0926680D060040CE40 /* ChannelsRepository.swift */,
				88414C51266BA8F700AE8DF4 /* ProgramsRepository.swift */,
			);
			path = Gateway;
			sourceTree = "<group>";
		};
		885FBC0B26680F010040CE40 /* Configuration */ = {
			isa = PBXGroup;
			children = (
				885FBC0C26680F130040CE40 /* ApiConfig.swift */,
			);
			path = Configuration;
			sourceTree = "<group>";
		};
		885FBC13266813F70040CE40 /* TestTaskDiffableDatasourceTests */ = {
			isa = PBXGroup;
			children = (
				885FBC16266813F70040CE40 /* Info.plist */,
				885FBC1D266814330040CE40 /* ChannelsRepositoryTests.swift */,
				88414C53266BA9CF00AE8DF4 /* ProgrmsRepositoryTests.swift */,
			);
			path = TestTaskDiffableDatasourceTests;
			sourceTree = "<group>";
		};
		88C85AEB266CE07F002C7EC3 /* ProgramsAirTimeModule */ = {
			isa = PBXGroup;
			children = (
				88C85AF2266CE105002C7EC3 /* AirTimeViewController.swift */,
				883982DB266FAD9F00E6B7BC /* CollectionViewSection.swift */,
				883982D9266FAD6400E6B7BC /* GridCollectionViewLayout.swift */,
				88C85AEE266CE0DC002C7EC3 /* AirTimePresenter.swift */,
				88C85AEC266CE0D1002C7EC3 /* AirTimeInteractor.swift */,
				88C85AF0266CE0F0002C7EC3 /* AirTimeRouter.swift */,
				885FBC0126680A1A0040CE40 /* Entities */,
				88C85AF6266CE37E002C7EC3 /* AirTimeModule.swift */,
				883982D7266F9CEC00E6B7BC /* SectionHeaderReusableView.swift */,
			);
			path = ProgramsAirTimeModule;
			sourceTree = "<group>";
		};
/* End PBXGroup section */

/* Begin PBXNativeTarget section */
		885FBBE9266809A70040CE40 /* TestTaskDiffableDatasource */ = {
			isa = PBXNativeTarget;
			buildConfigurationList = 885FBBFE266809A80040CE40 /* Build configuration list for PBXNativeTarget "TestTaskDiffableDatasource" */;
			buildPhases = (
				885FBBE6266809A70040CE40 /* Sources */,
				885FBBE7266809A70040CE40 /* Frameworks */,
				885FBBE8266809A70040CE40 /* Resources */,
			);
			buildRules = (
			);
			dependencies = (
			);
			name = TestTaskDiffableDatasource;
			productName = TestTaskDiffableDatasource;
			productReference = 885FBBEA266809A70040CE40 /* TestTaskDiffableDatasource.app */;
			productType = "com.apple.product-type.application";
		};
		885FBC11266813F70040CE40 /* TestTaskDiffableDatasourceTests */ = {
			isa = PBXNativeTarget;
			buildConfigurationList = 885FBC19266813F70040CE40 /* Build configuration list for PBXNativeTarget "TestTaskDiffableDatasourceTests" */;
			buildPhases = (
				885FBC0E266813F70040CE40 /* Sources */,
				885FBC0F266813F70040CE40 /* Frameworks */,
				885FBC10266813F70040CE40 /* Resources */,
			);
			buildRules = (
			);
			dependencies = (
				885FBC18266813F70040CE40 /* PBXTargetDependency */,
			);
			name = TestTaskDiffableDatasourceTests;
			productName = TestTaskDiffableDatasourceTests;
			productReference = 885FBC12266813F70040CE40 /* TestTaskDiffableDatasourceTests.xctest */;
			productType = "com.apple.product-type.bundle.unit-test";
		};
/* End PBXNativeTarget section */

/* Begin PBXProject section */
		885FBBE2266809A70040CE40 /* Project object */ = {
			isa = PBXProject;
			attributes = {
				LastSwiftUpdateCheck = 1250;
				LastUpgradeCheck = 1250;
				TargetAttributes = {
					885FBBE9266809A70040CE40 = {
						CreatedOnToolsVersion = 12.5;
					};
					885FBC11266813F70040CE40 = {
						CreatedOnToolsVersion = 12.5;
						LastSwiftMigration = 1250;
						TestTargetID = 885FBBE9266809A70040CE40;
					};
				};
			};
			buildConfigurationList = 885FBBE5266809A70040CE40 /* Build configuration list for PBXProject "TestTaskDiffableDatasource" */;
			compatibilityVersion = "Xcode 9.3";
			developmentRegion = en;
			hasScannedForEncodings = 0;
			knownRegions = (
				en,
				Base,
			);
			mainGroup = 885FBBE1266809A70040CE40;
			productRefGroup = 885FBBEB266809A70040CE40 /* Products */;
			projectDirPath = "";
			projectRoot = "";
			targets = (
				885FBBE9266809A70040CE40 /* TestTaskDiffableDatasource */,
				885FBC11266813F70040CE40 /* TestTaskDiffableDatasourceTests */,
			);
		};
/* End PBXProject section */

/* Begin PBXResourcesBuildPhase section */
		885FBBE8266809A70040CE40 /* Resources */ = {
			isa = PBXResourcesBuildPhase;
			buildActionMask = 2147483647;
			files = (
				885FBBFA266809A80040CE40 /* LaunchScreen.storyboard in Resources */,
				885FBBF7266809A80040CE40 /* Assets.xcassets in Resources */,
				885FBBF5266809A70040CE40 /* Main.storyboard in Resources */,
			);
			runOnlyForDeploymentPostprocessing = 0;
		};
		885FBC10266813F70040CE40 /* Resources */ = {
			isa = PBXResourcesBuildPhase;
			buildActionMask = 2147483647;
			files = (
			);
			runOnlyForDeploymentPostprocessing = 0;
		};
/* End PBXResourcesBuildPhase section */

/* Begin PBXSourcesBuildPhase section */
		885FBBE6266809A70040CE40 /* Sources */ = {
			isa = PBXSourcesBuildPhase;
			buildActionMask = 2147483647;
			files = (
				88C85AEF266CE0DC002C7EC3 /* AirTimePresenter.swift in Sources */,
				885FBC0A26680D060040CE40 /* ChannelsRepository.swift in Sources */,
				885FBC0D26680F130040CE40 /* ApiConfig.swift in Sources */,
				883982DA266FAD6400E6B7BC /* GridCollectionViewLayout.swift in Sources */,
				88C85AF1266CE0F0002C7EC3 /* AirTimeRouter.swift in Sources */,
				88414C50266BA89E00AE8DF4 /* ResponseError.swift in Sources */,
				883982DC266FAD9F00E6B7BC /* CollectionViewSection.swift in Sources */,
				883982D8266F9CEC00E6B7BC /* SectionHeaderReusableView.swift in Sources */,
				885FBC0326680A3F0040CE40 /* Channel.swift in Sources */,
				88C85AED266CE0D1002C7EC3 /* AirTimeInteractor.swift in Sources */,
				88C85AF3266CE105002C7EC3 /* AirTimeViewController.swift in Sources */,
				885FBBEE266809A70040CE40 /* AppDelegate.swift in Sources */,
				88414C52266BA8F700AE8DF4 /* ProgramsRepository.swift in Sources */,
				885FBC0526680B730040CE40 /* Program.swift in Sources */,
				88C85AF7266CE37E002C7EC3 /* AirTimeModule.swift in Sources */,
				88C85AF5266CE314002C7EC3 /* Module.swift in Sources */,
				885FBC0726680C1E0040CE40 /* RecentAirTime.swift in Sources */,
				885FBBF0266809A70040CE40 /* SceneDelegate.swift in Sources */,
			);
			runOnlyForDeploymentPostprocessing = 0;
		};
		885FBC0E266813F70040CE40 /* Sources */ = {
			isa = PBXSourcesBuildPhase;
			buildActionMask = 2147483647;
			files = (
				885FBC1E266814330040CE40 /* ChannelsRepositoryTests.swift in Sources */,
				88414C54266BA9CF00AE8DF4 /* ProgrmsRepositoryTests.swift in Sources */,
			);
			runOnlyForDeploymentPostprocessing = 0;
		};
/* End PBXSourcesBuildPhase section */

/* Begin PBXTargetDependency section */
		885FBC18266813F70040CE40 /* PBXTargetDependency */ = {
			isa = PBXTargetDependency;
			target = 885FBBE9266809A70040CE40 /* TestTaskDiffableDatasource */;
			targetProxy = 885FBC17266813F70040CE40 /* PBXContainerItemProxy */;
		};
/* End PBXTargetDependency section */

/* Begin PBXVariantGroup section */
		885FBBF3266809A70040CE40 /* Main.storyboard */ = {
			isa = PBXVariantGroup;
			children = (
				885FBBF4266809A70040CE40 /* Base */,
			);
			name = Main.storyboard;
			sourceTree = "<group>";
		};
		885FBBF8266809A80040CE40 /* LaunchScreen.storyboard */ = {
			isa = PBXVariantGroup;
			children = (
				885FBBF9266809A80040CE40 /* Base */,
			);
			name = LaunchScreen.storyboard;
			sourceTree = "<group>";
		};
/* End PBXVariantGroup section */

/* Begin XCBuildConfiguration section */
		885FBBFC266809A80040CE40 /* Debug */ = {
			isa = XCBuildConfiguration;
			buildSettings = {
				ALWAYS_SEARCH_USER_PATHS = NO;
				CLANG_ANALYZER_NONNULL = YES;
				CLANG_ANALYZER_NUMBER_OBJECT_CONVERSION = YES_AGGRESSIVE;
				CLANG_CXX_LANGUAGE_STANDARD = "gnu++14";
				CLANG_CXX_LIBRARY = "libc++";
				CLANG_ENABLE_MODULES = YES;
				CLANG_ENABLE_OBJC_ARC = YES;
				CLANG_ENABLE_OBJC_WEAK = YES;
				CLANG_WARN_BLOCK_CAPTURE_AUTORELEASING = YES;
				CLANG_WARN_BOOL_CONVERSION = YES;
				CLANG_WARN_COMMA = YES;
				CLANG_WARN_CONSTANT_CONVERSION = YES;
				CLANG_WARN_DEPRECATED_OBJC_IMPLEMENTATIONS = YES;
				CLANG_WARN_DIRECT_OBJC_ISA_USAGE = YES_ERROR;
				CLANG_WARN_DOCUMENTATION_COMMENTS = YES;
				CLANG_WARN_EMPTY_BODY = YES;
				CLANG_WARN_ENUM_CONVERSION = YES;
				CLANG_WARN_INFINITE_RECURSION = YES;
				CLANG_WARN_INT_CONVERSION = YES;
				CLANG_WARN_NON_LITERAL_NULL_CONVERSION = YES;
				CLANG_WARN_OBJC_IMPLICIT_RETAIN_SELF = YES;
				CLANG_WARN_OBJC_LITERAL_CONVERSION = YES;
				CLANG_WARN_OBJC_ROOT_CLASS = YES_ERROR;
				CLANG_WARN_QUOTED_INCLUDE_IN_FRAMEWORK_HEADER = YES;
				CLANG_WARN_RANGE_LOOP_ANALYSIS = YES;
				CLANG_WARN_STRICT_PROTOTYPES = YES;
				CLANG_WARN_SUSPICIOUS_MOVE = YES;
				CLANG_WARN_UNGUARDED_AVAILABILITY = YES_AGGRESSIVE;
				CLANG_WARN_UNREACHABLE_CODE = YES;
				CLANG_WARN__DUPLICATE_METHOD_MATCH = YES;
				COPY_PHASE_STRIP = NO;
				DEBUG_INFORMATION_FORMAT = dwarf;
				ENABLE_STRICT_OBJC_MSGSEND = YES;
				ENABLE_TESTABILITY = YES;
				GCC_C_LANGUAGE_STANDARD = gnu11;
				GCC_DYNAMIC_NO_PIC = NO;
				GCC_NO_COMMON_BLOCKS = YES;
				GCC_OPTIMIZATION_LEVEL = 0;
				GCC_PREPROCESSOR_DEFINITIONS = (
					"DEBUG=1",
					"$(inherited)",
				);
				GCC_WARN_64_TO_32_BIT_CONVERSION = YES;
				GCC_WARN_ABOUT_RETURN_TYPE = YES_ERROR;
				GCC_WARN_UNDECLARED_SELECTOR = YES;
				GCC_WARN_UNINITIALIZED_AUTOS = YES_AGGRESSIVE;
				GCC_WARN_UNUSED_FUNCTION = YES;
				GCC_WARN_UNUSED_VARIABLE = YES;
				IPHONEOS_DEPLOYMENT_TARGET = 14.5;
				MTL_ENABLE_DEBUG_INFO = INCLUDE_SOURCE;
				MTL_FAST_MATH = YES;
				ONLY_ACTIVE_ARCH = YES;
				SDKROOT = iphoneos;
				SWIFT_ACTIVE_COMPILATION_CONDITIONS = DEBUG;
				SWIFT_OPTIMIZATION_LEVEL = "-Onone";
			};
			name = Debug;
		};
		885FBBFD266809A80040CE40 /* Release */ = {
			isa = XCBuildConfiguration;
			buildSettings = {
				ALWAYS_SEARCH_USER_PATHS = NO;
				CLANG_ANALYZER_NONNULL = YES;
				CLANG_ANALYZER_NUMBER_OBJECT_CONVERSION = YES_AGGRESSIVE;
				CLANG_CXX_LANGUAGE_STANDARD = "gnu++14";
				CLANG_CXX_LIBRARY = "libc++";
				CLANG_ENABLE_MODULES = YES;
				CLANG_ENABLE_OBJC_ARC = YES;
				CLANG_ENABLE_OBJC_WEAK = YES;
				CLANG_WARN_BLOCK_CAPTURE_AUTORELEASING = YES;
				CLANG_WARN_BOOL_CONVERSION = YES;
				CLANG_WARN_COMMA = YES;
				CLANG_WARN_CONSTANT_CONVERSION = YES;
				CLANG_WARN_DEPRECATED_OBJC_IMPLEMENTATIONS = YES;
				CLANG_WARN_DIRECT_OBJC_ISA_USAGE = YES_ERROR;
				CLANG_WARN_DOCUMENTATION_COMMENTS = YES;
				CLANG_WARN_EMPTY_BODY = YES;
				CLANG_WARN_ENUM_CONVERSION = YES;
				CLANG_WARN_INFINITE_RECURSION = YES;
				CLANG_WARN_INT_CONVERSION = YES;
				CLANG_WARN_NON_LITERAL_NULL_CONVERSION = YES;
				CLANG_WARN_OBJC_IMPLICIT_RETAIN_SELF = YES;
				CLANG_WARN_OBJC_LITERAL_CONVERSION = YES;
				CLANG_WARN_OBJC_ROOT_CLASS = YES_ERROR;
				CLANG_WARN_QUOTED_INCLUDE_IN_FRAMEWORK_HEADER = YES;
				CLANG_WARN_RANGE_LOOP_ANALYSIS = YES;
				CLANG_WARN_STRICT_PROTOTYPES = YES;
				CLANG_WARN_SUSPICIOUS_MOVE = YES;
				CLANG_WARN_UNGUARDED_AVAILABILITY = YES_AGGRESSIVE;
				CLANG_WARN_UNREACHABLE_CODE = YES;
				CLANG_WARN__DUPLICATE_METHOD_MATCH = YES;
				COPY_PHASE_STRIP = NO;
				DEBUG_INFORMATION_FORMAT = "dwarf-with-dsym";
				ENABLE_NS_ASSERTIONS = NO;
				ENABLE_STRICT_OBJC_MSGSEND = YES;
				GCC_C_LANGUAGE_STANDARD = gnu11;
				GCC_NO_COMMON_BLOCKS = YES;
				GCC_WARN_64_TO_32_BIT_CONVERSION = YES;
				GCC_WARN_ABOUT_RETURN_TYPE = YES_ERROR;
				GCC_WARN_UNDECLARED_SELECTOR = YES;
				GCC_WARN_UNINITIALIZED_AUTOS = YES_AGGRESSIVE;
				GCC_WARN_UNUSED_FUNCTION = YES;
				GCC_WARN_UNUSED_VARIABLE = YES;
				IPHONEOS_DEPLOYMENT_TARGET = 14.5;
				MTL_ENABLE_DEBUG_INFO = NO;
				MTL_FAST_MATH = YES;
				SDKROOT = iphoneos;
				SWIFT_COMPILATION_MODE = wholemodule;
				SWIFT_OPTIMIZATION_LEVEL = "-O";
				VALIDATE_PRODUCT = YES;
			};
			name = Release;
		};
		885FBBFF266809A80040CE40 /* Debug */ = {
			isa = XCBuildConfiguration;
			buildSettings = {
				ASSETCATALOG_COMPILER_APPICON_NAME = AppIcon;
				ASSETCATALOG_COMPILER_GLOBAL_ACCENT_COLOR_NAME = AccentColor;
				CODE_SIGN_STYLE = Automatic;
				INFOPLIST_FILE = TestTaskDiffableDatasource/Info.plist;
				LD_RUNPATH_SEARCH_PATHS = (
					"$(inherited)",
					"@executable_path/Frameworks",
				);
				PRODUCT_BUNDLE_IDENTIFIER = "nashron-developer.TestTaskDiffableDatasource";
				PRODUCT_NAME = "$(TARGET_NAME)";
				SWIFT_VERSION = 5.0;
				TARGETED_DEVICE_FAMILY = "1,2";
			};
			name = Debug;
		};
		885FBC00266809A80040CE40 /* Release */ = {
			isa = XCBuildConfiguration;
			buildSettings = {
				ASSETCATALOG_COMPILER_APPICON_NAME = AppIcon;
				ASSETCATALOG_COMPILER_GLOBAL_ACCENT_COLOR_NAME = AccentColor;
				CODE_SIGN_STYLE = Automatic;
				INFOPLIST_FILE = TestTaskDiffableDatasource/Info.plist;
				LD_RUNPATH_SEARCH_PATHS = (
					"$(inherited)",
					"@executable_path/Frameworks",
				);
				PRODUCT_BUNDLE_IDENTIFIER = "nashron-developer.TestTaskDiffableDatasource";
				PRODUCT_NAME = "$(TARGET_NAME)";
				SWIFT_VERSION = 5.0;
				TARGETED_DEVICE_FAMILY = "1,2";
			};
			name = Release;
		};
		885FBC1A266813F70040CE40 /* Debug */ = {
			isa = XCBuildConfiguration;
			buildSettings = {
				BUNDLE_LOADER = "$(TEST_HOST)";
				CLANG_ENABLE_MODULES = YES;
				CODE_SIGN_STYLE = Automatic;
				INFOPLIST_FILE = TestTaskDiffableDatasourceTests/Info.plist;
				LD_RUNPATH_SEARCH_PATHS = (
					"$(inherited)",
					"@executable_path/Frameworks",
					"@loader_path/Frameworks",
				);
				PRODUCT_BUNDLE_IDENTIFIER = "nashron-developer.TestTaskDiffableDatasourceTests";
				PRODUCT_NAME = "$(TARGET_NAME)";
				SWIFT_INSTALL_OBJC_HEADER = NO;
				SWIFT_OBJC_BRIDGING_HEADER = "";
				SWIFT_OPTIMIZATION_LEVEL = "-Onone";
				SWIFT_PRECOMPILE_BRIDGING_HEADER = NO;
				SWIFT_VERSION = 5.0;
				TARGETED_DEVICE_FAMILY = "1,2";
				TEST_HOST = "$(BUILT_PRODUCTS_DIR)/TestTaskDiffableDatasource.app/TestTaskDiffableDatasource";
			};
			name = Debug;
		};
		885FBC1B266813F70040CE40 /* Release */ = {
			isa = XCBuildConfiguration;
			buildSettings = {
				BUNDLE_LOADER = "$(TEST_HOST)";
				CLANG_ENABLE_MODULES = YES;
				CODE_SIGN_STYLE = Automatic;
				INFOPLIST_FILE = TestTaskDiffableDatasourceTests/Info.plist;
				LD_RUNPATH_SEARCH_PATHS = (
					"$(inherited)",
					"@executable_path/Frameworks",
					"@loader_path/Frameworks",
				);
				PRODUCT_BUNDLE_IDENTIFIER = "nashron-developer.TestTaskDiffableDatasourceTests";
				PRODUCT_NAME = "$(TARGET_NAME)";
				SWIFT_INSTALL_OBJC_HEADER = NO;
				SWIFT_OBJC_BRIDGING_HEADER = "";
				SWIFT_PRECOMPILE_BRIDGING_HEADER = NO;
				SWIFT_VERSION = 5.0;
				TARGETED_DEVICE_FAMILY = "1,2";
				TEST_HOST = "$(BUILT_PRODUCTS_DIR)/TestTaskDiffableDatasource.app/TestTaskDiffableDatasource";
			};
			name = Release;
		};
/* End XCBuildConfiguration section */

/* Begin XCConfigurationList section */
		885FBBE5266809A70040CE40 /* Build configuration list for PBXProject "TestTaskDiffableDatasource" */ = {
			isa = XCConfigurationList;
			buildConfigurations = (
				885FBBFC266809A80040CE40 /* Debug */,
				885FBBFD266809A80040CE40 /* Release */,
			);
			defaultConfigurationIsVisible = 0;
			defaultConfigurationName = Release;
		};
		885FBBFE266809A80040CE40 /* Build configuration list for PBXNativeTarget "TestTaskDiffableDatasource" */ = {
			isa = XCConfigurationList;
			buildConfigurations = (
				885FBBFF266809A80040CE40 /* Debug */,
				885FBC00266809A80040CE40 /* Release */,
			);
			defaultConfigurationIsVisible = 0;
			defaultConfigurationName = Release;
		};
		885FBC19266813F70040CE40 /* Build configuration list for PBXNativeTarget "TestTaskDiffableDatasourceTests" */ = {
			isa = XCConfigurationList;
			buildConfigurations = (
				885FBC1A266813F70040CE40 /* Debug */,
				885FBC1B266813F70040CE40 /* Release */,
			);
			defaultConfigurationIsVisible = 0;
			defaultConfigurationName = Release;
		};
/* End XCConfigurationList section */
	};
	rootObject = 885FBBE2266809A70040CE40 /* Project object */;
}
